// !$*UTF8*$!
{
	archiveVersion = 1;
	classes = {
	};
	objectVersion = 56;
	objects = {

/* Begin PBXBuildFile section */
		D65558642AE6CD8900FC0ED5 /* PlayerCell.swift in Sources */ = {isa = PBXBuildFile; fileRef = D65558632AE6CD8900FC0ED5 /* PlayerCell.swift */; };
		D65558662AEAAE4700FC0ED5 /* SettingsCell.swift in Sources */ = {isa = PBXBuildFile; fileRef = D65558652AEAAE4700FC0ED5 /* SettingsCell.swift */; };
		D69604602ACB0A270004E1AC /* beerLeagueSoccerApp.swift in Sources */ = {isa = PBXBuildFile; fileRef = D696045F2ACB0A270004E1AC /* beerLeagueSoccerApp.swift */; };
		D69604622ACB0A270004E1AC /* HomeView.swift in Sources */ = {isa = PBXBuildFile; fileRef = D69604612ACB0A270004E1AC /* HomeView.swift */; };
		D69604642ACB0A290004E1AC /* Assets.xcassets in Resources */ = {isa = PBXBuildFile; fileRef = D69604632ACB0A290004E1AC /* Assets.xcassets */; };
		D69604672ACB0A290004E1AC /* Preview Assets.xcassets in Resources */ = {isa = PBXBuildFile; fileRef = D69604662ACB0A290004E1AC /* Preview Assets.xcassets */; };
		D696046E2AD446590004E1AC /* DashboardView.swift in Sources */ = {isa = PBXBuildFile; fileRef = D696046D2AD446590004E1AC /* DashboardView.swift */; };
		D69604702AD447130004E1AC /* SearchView.swift in Sources */ = {isa = PBXBuildFile; fileRef = D696046F2AD447130004E1AC /* SearchView.swift */; };
		D69604722AD447700004E1AC /* TeamView.swift in Sources */ = {isa = PBXBuildFile; fileRef = D69604712AD447700004E1AC /* TeamView.swift */; };
		D69604742AD447A20004E1AC /* PlayerView.swift in Sources */ = {isa = PBXBuildFile; fileRef = D69604732AD447A20004E1AC /* PlayerView.swift */; };
		D69604762AD447D20004E1AC /* SettingsView.swift in Sources */ = {isa = PBXBuildFile; fileRef = D69604752AD447D20004E1AC /* SettingsView.swift */; };
		D69604792AD463A60004E1AC /* Player.swift in Sources */ = {isa = PBXBuildFile; fileRef = D69604782AD463A60004E1AC /* Player.swift */; };
		D696047C2AD71B0A0004E1AC /* GameCell.swift in Sources */ = {isa = PBXBuildFile; fileRef = D696047B2AD71B0A0004E1AC /* GameCell.swift */; };
		D696047E2AD9A5D20004E1AC /* Team.swift in Sources */ = {isa = PBXBuildFile; fileRef = D696047D2AD9A5D20004E1AC /* Team.swift */; };
		D69604802AD9A8540004E1AC /* Event.swift in Sources */ = {isa = PBXBuildFile; fileRef = D696047F2AD9A8540004E1AC /* Event.swift */; };
		D69CBE0C2ADEF6D1005A1362 /* LoadingRect.swift in Sources */ = {isa = PBXBuildFile; fileRef = D69CBE0B2ADEF6D1005A1362 /* LoadingRect.swift */; };
		D6CA1C752AE197BA00711536 /* TeamCell.swift in Sources */ = {isa = PBXBuildFile; fileRef = D6CA1C742AE197BA00711536 /* TeamCell.swift */; };
/* End PBXBuildFile section */

/* Begin PBXFileReference section */
		D65558632AE6CD8900FC0ED5 /* PlayerCell.swift */ = {isa = PBXFileReference; lastKnownFileType = sourcecode.swift; path = PlayerCell.swift; sourceTree = "<group>"; };
		D65558652AEAAE4700FC0ED5 /* SettingsCell.swift */ = {isa = PBXFileReference; lastKnownFileType = sourcecode.swift; path = SettingsCell.swift; sourceTree = "<group>"; };
		D696045C2ACB0A270004E1AC /* beerLeagueSoccer.app */ = {isa = PBXFileReference; explicitFileType = wrapper.application; includeInIndex = 0; path = beerLeagueSoccer.app; sourceTree = BUILT_PRODUCTS_DIR; };
		D696045F2ACB0A270004E1AC /* beerLeagueSoccerApp.swift */ = {isa = PBXFileReference; lastKnownFileType = sourcecode.swift; path = beerLeagueSoccerApp.swift; sourceTree = "<group>"; };
		D69604612ACB0A270004E1AC /* HomeView.swift */ = {isa = PBXFileReference; lastKnownFileType = sourcecode.swift; path = HomeView.swift; sourceTree = "<group>"; };
		D69604632ACB0A290004E1AC /* Assets.xcassets */ = {isa = PBXFileReference; lastKnownFileType = folder.assetcatalog; path = Assets.xcassets; sourceTree = "<group>"; };
		D69604662ACB0A290004E1AC /* Preview Assets.xcassets */ = {isa = PBXFileReference; lastKnownFileType = folder.assetcatalog; path = "Preview Assets.xcassets"; sourceTree = "<group>"; };
		D696046D2AD446590004E1AC /* DashboardView.swift */ = {isa = PBXFileReference; lastKnownFileType = sourcecode.swift; path = DashboardView.swift; sourceTree = "<group>"; };
		D696046F2AD447130004E1AC /* SearchView.swift */ = {isa = PBXFileReference; lastKnownFileType = sourcecode.swift; path = SearchView.swift; sourceTree = "<group>"; };
		D69604712AD447700004E1AC /* TeamView.swift */ = {isa = PBXFileReference; lastKnownFileType = sourcecode.swift; path = TeamView.swift; sourceTree = "<group>"; };
		D69604732AD447A20004E1AC /* PlayerView.swift */ = {isa = PBXFileReference; lastKnownFileType = sourcecode.swift; path = PlayerView.swift; sourceTree = "<group>"; };
		D69604752AD447D20004E1AC /* SettingsView.swift */ = {isa = PBXFileReference; lastKnownFileType = sourcecode.swift; path = SettingsView.swift; sourceTree = "<group>"; };
		D69604782AD463A60004E1AC /* Player.swift */ = {isa = PBXFileReference; lastKnownFileType = sourcecode.swift; path = Player.swift; sourceTree = "<group>"; };
		D696047B2AD71B0A0004E1AC /* GameCell.swift */ = {isa = PBXFileReference; lastKnownFileType = sourcecode.swift; path = GameCell.swift; sourceTree = "<group>"; };
		D696047D2AD9A5D20004E1AC /* Team.swift */ = {isa = PBXFileReference; lastKnownFileType = sourcecode.swift; path = Team.swift; sourceTree = "<group>"; };
		D696047F2AD9A8540004E1AC /* Event.swift */ = {isa = PBXFileReference; lastKnownFileType = sourcecode.swift; path = Event.swift; sourceTree = "<group>"; };
		D69CBE0B2ADEF6D1005A1362 /* LoadingRect.swift */ = {isa = PBXFileReference; lastKnownFileType = sourcecode.swift; path = LoadingRect.swift; sourceTree = "<group>"; };
		D6CA1C742AE197BA00711536 /* TeamCell.swift */ = {isa = PBXFileReference; lastKnownFileType = sourcecode.swift; path = TeamCell.swift; sourceTree = "<group>"; };
/* End PBXFileReference section */

/* Begin PBXFrameworksBuildPhase section */
		D69604592ACB0A270004E1AC /* Frameworks */ = {
			isa = PBXFrameworksBuildPhase;
			buildActionMask = 2147483647;
			files = (
			);
			runOnlyForDeploymentPostprocessing = 0;
		};
/* End PBXFrameworksBuildPhase section */

/* Begin PBXGroup section */
		D69604532ACB0A270004E1AC = {
			isa = PBXGroup;
			children = (
				D696045E2ACB0A270004E1AC /* beerLeagueSoccer */,
				D696045D2ACB0A270004E1AC /* Products */,
			);
			sourceTree = "<group>";
		};
		D696045D2ACB0A270004E1AC /* Products */ = {
			isa = PBXGroup;
			children = (
				D696045C2ACB0A270004E1AC /* beerLeagueSoccer.app */,
			);
			name = Products;
			sourceTree = "<group>";
		};
		D696045E2ACB0A270004E1AC /* beerLeagueSoccer */ = {
			isa = PBXGroup;
			children = (
				D69CBE0A2ADEF6AF005A1362 /* Animations */,
				D696047A2AD71AF10004E1AC /* Cells */,
				D69604772AD462D60004E1AC /* DataStructures */,
				D696045F2ACB0A270004E1AC /* beerLeagueSoccerApp.swift */,
				D69604612ACB0A270004E1AC /* HomeView.swift */,
				D696046F2AD447130004E1AC /* SearchView.swift */,
				D69604712AD447700004E1AC /* TeamView.swift */,
				D69604732AD447A20004E1AC /* PlayerView.swift */,
				D69604752AD447D20004E1AC /* SettingsView.swift */,
				D696046D2AD446590004E1AC /* DashboardView.swift */,
				D69604632ACB0A290004E1AC /* Assets.xcassets */,
				D69604652ACB0A290004E1AC /* Preview Content */,
			);
			path = beerLeagueSoccer;
			sourceTree = "<group>";
		};
		D69604652ACB0A290004E1AC /* Preview Content */ = {
			isa = PBXGroup;
			children = (
				D69604662ACB0A290004E1AC /* Preview Assets.xcassets */,
			);
			path = "Preview Content";
			sourceTree = "<group>";
		};
		D69604772AD462D60004E1AC /* DataStructures */ = {
			isa = PBXGroup;
			children = (
				D69604782AD463A60004E1AC /* Player.swift */,
				D696047D2AD9A5D20004E1AC /* Team.swift */,
				D696047F2AD9A8540004E1AC /* Event.swift */,
			);
			path = DataStructures;
			sourceTree = "<group>";
		};
		D696047A2AD71AF10004E1AC /* Cells */ = {
			isa = PBXGroup;
			children = (
				D696047B2AD71B0A0004E1AC /* GameCell.swift */,
				D6CA1C742AE197BA00711536 /* TeamCell.swift */,
				D65558632AE6CD8900FC0ED5 /* PlayerCell.swift */,
				D65558652AEAAE4700FC0ED5 /* SettingsCell.swift */,
			);
			path = Cells;
			sourceTree = "<group>";
		};
		D69CBE0A2ADEF6AF005A1362 /* Animations */ = {
			isa = PBXGroup;
			children = (
				D69CBE0B2ADEF6D1005A1362 /* LoadingRect.swift */,
			);
			path = Animations;
			sourceTree = "<group>";
		};
/* End PBXGroup section */

/* Begin PBXNativeTarget section */
		D696045B2ACB0A270004E1AC /* beerLeagueSoccer */ = {
			isa = PBXNativeTarget;
			buildConfigurationList = D696046A2ACB0A290004E1AC /* Build configuration list for PBXNativeTarget "beerLeagueSoccer" */;
			buildPhases = (
				D69604582ACB0A270004E1AC /* Sources */,
				D69604592ACB0A270004E1AC /* Frameworks */,
				D696045A2ACB0A270004E1AC /* Resources */,
			);
			buildRules = (
			);
			dependencies = (
			);
			name = beerLeagueSoccer;
			productName = beerLeagueSoccer;
			productReference = D696045C2ACB0A270004E1AC /* beerLeagueSoccer.app */;
			productType = "com.apple.product-type.application";
		};
/* End PBXNativeTarget section */

/* Begin PBXProject section */
		D69604542ACB0A270004E1AC /* Project object */ = {
			isa = PBXProject;
			attributes = {
				BuildIndependentTargetsInParallel = 1;
				LastSwiftUpdateCheck = 1430;
				LastUpgradeCheck = 1500;
				TargetAttributes = {
					D696045B2ACB0A270004E1AC = {
						CreatedOnToolsVersion = 14.3.1;
					};
				};
			};
			buildConfigurationList = D69604572ACB0A270004E1AC /* Build configuration list for PBXProject "beerLeagueSoccer" */;
			compatibilityVersion = "Xcode 14.0";
			developmentRegion = en;
			hasScannedForEncodings = 0;
			knownRegions = (
				en,
				Base,
			);
			mainGroup = D69604532ACB0A270004E1AC;
			productRefGroup = D696045D2ACB0A270004E1AC /* Products */;
			projectDirPath = "";
			projectRoot = "";
			targets = (
				D696045B2ACB0A270004E1AC /* beerLeagueSoccer */,
			);
		};
/* End PBXProject section */

/* Begin PBXResourcesBuildPhase section */
		D696045A2ACB0A270004E1AC /* Resources */ = {
			isa = PBXResourcesBuildPhase;
			buildActionMask = 2147483647;
			files = (
				D69604672ACB0A290004E1AC /* Preview Assets.xcassets in Resources */,
				D69604642ACB0A290004E1AC /* Assets.xcassets in Resources */,
			);
			runOnlyForDeploymentPostprocessing = 0;
		};
/* End PBXResourcesBuildPhase section */

/* Begin PBXSourcesBuildPhase section */
		D69604582ACB0A270004E1AC /* Sources */ = {
			isa = PBXSourcesBuildPhase;
			buildActionMask = 2147483647;
			files = (
				D69604762AD447D20004E1AC /* SettingsView.swift in Sources */,
				D69604802AD9A8540004E1AC /* Event.swift in Sources */,
				D65558642AE6CD8900FC0ED5 /* PlayerCell.swift in Sources */,
				D69604702AD447130004E1AC /* SearchView.swift in Sources */,
				D696047C2AD71B0A0004E1AC /* GameCell.swift in Sources */,
				D69604622ACB0A270004E1AC /* HomeView.swift in Sources */,
				D69604722AD447700004E1AC /* TeamView.swift in Sources */,
				D6CA1C752AE197BA00711536 /* TeamCell.swift in Sources */,
				D69604792AD463A60004E1AC /* Player.swift in Sources */,
				D69604742AD447A20004E1AC /* PlayerView.swift in Sources */,
				D69CBE0C2ADEF6D1005A1362 /* LoadingRect.swift in Sources */,
				D696046E2AD446590004E1AC /* DashboardView.swift in Sources */,
				D696047E2AD9A5D20004E1AC /* Team.swift in Sources */,
				D69604602ACB0A270004E1AC /* beerLeagueSoccerApp.swift in Sources */,
				D65558662AEAAE4700FC0ED5 /* SettingsCell.swift in Sources */,
			);
			runOnlyForDeploymentPostprocessing = 0;
		};
/* End PBXSourcesBuildPhase section */

/* Begin XCBuildConfiguration section */
		D69604682ACB0A290004E1AC /* Debug */ = {
			isa = XCBuildConfiguration;
			buildSettings = {
				ALWAYS_SEARCH_USER_PATHS = NO;
				CLANG_ANALYZER_NONNULL = YES;
				CLANG_ANALYZER_NUMBER_OBJECT_CONVERSION = YES_AGGRESSIVE;
				CLANG_CXX_LANGUAGE_STANDARD = "gnu++20";
				CLANG_ENABLE_MODULES = YES;
				CLANG_ENABLE_OBJC_ARC = YES;
				CLANG_ENABLE_OBJC_WEAK = YES;
				CLANG_WARN_BLOCK_CAPTURE_AUTORELEASING = YES;
				CLANG_WARN_BOOL_CONVERSION = YES;
				CLANG_WARN_COMMA = YES;
				CLANG_WARN_CONSTANT_CONVERSION = YES;
				CLANG_WARN_DEPRECATED_OBJC_IMPLEMENTATIONS = YES;
				CLANG_WARN_DIRECT_OBJC_ISA_USAGE = YES_ERROR;
				CLANG_WARN_DOCUMENTATION_COMMENTS = YES;
				CLANG_WARN_EMPTY_BODY = YES;
				CLANG_WARN_ENUM_CONVERSION = YES;
				CLANG_WARN_INFINITE_RECURSION = YES;
				CLANG_WARN_INT_CONVERSION = YES;
				CLANG_WARN_NON_LITERAL_NULL_CONVERSION = YES;
				CLANG_WARN_OBJC_IMPLICIT_RETAIN_SELF = YES;
				CLANG_WARN_OBJC_LITERAL_CONVERSION = YES;
				CLANG_WARN_OBJC_ROOT_CLASS = YES_ERROR;
				CLANG_WARN_QUOTED_INCLUDE_IN_FRAMEWORK_HEADER = YES;
				CLANG_WARN_RANGE_LOOP_ANALYSIS = YES;
				CLANG_WARN_STRICT_PROTOTYPES = YES;
				CLANG_WARN_SUSPICIOUS_MOVE = YES;
				CLANG_WARN_UNGUARDED_AVAILABILITY = YES_AGGRESSIVE;
				CLANG_WARN_UNREACHABLE_CODE = YES;
				CLANG_WARN__DUPLICATE_METHOD_MATCH = YES;
				COPY_PHASE_STRIP = NO;
				DEBUG_INFORMATION_FORMAT = dwarf;
				ENABLE_STRICT_OBJC_MSGSEND = YES;
				ENABLE_TESTABILITY = YES;
				ENABLE_USER_SCRIPT_SANDBOXING = YES;
				GCC_C_LANGUAGE_STANDARD = gnu11;
				GCC_DYNAMIC_NO_PIC = NO;
				GCC_NO_COMMON_BLOCKS = YES;
				GCC_OPTIMIZATION_LEVEL = 0;
				GCC_PREPROCESSOR_DEFINITIONS = (
					"DEBUG=1",
					"$(inherited)",
				);
				GCC_WARN_64_TO_32_BIT_CONVERSION = YES;
				GCC_WARN_ABOUT_RETURN_TYPE = YES_ERROR;
				GCC_WARN_UNDECLARED_SELECTOR = YES;
				GCC_WARN_UNINITIALIZED_AUTOS = YES_AGGRESSIVE;
				GCC_WARN_UNUSED_FUNCTION = YES;
				GCC_WARN_UNUSED_VARIABLE = YES;
				IPHONEOS_DEPLOYMENT_TARGET = 16.4;
				MTL_ENABLE_DEBUG_INFO = INCLUDE_SOURCE;
				MTL_FAST_MATH = YES;
				ONLY_ACTIVE_ARCH = YES;
				SDKROOT = iphoneos;
				SWIFT_ACTIVE_COMPILATION_CONDITIONS = DEBUG;
				SWIFT_OPTIMIZATION_LEVEL = "-Onone";
			};
			name = Debug;
		};
		D69604692ACB0A290004E1AC /* Release */ = {
			isa = XCBuildConfiguration;
			buildSettings = {
				ALWAYS_SEARCH_USER_PATHS = NO;
				CLANG_ANALYZER_NONNULL = YES;
				CLANG_ANALYZER_NUMBER_OBJECT_CONVERSION = YES_AGGRESSIVE;
				CLANG_CXX_LANGUAGE_STANDARD = "gnu++20";
				CLANG_ENABLE_MODULES = YES;
				CLANG_ENABLE_OBJC_ARC = YES;
				CLANG_ENABLE_OBJC_WEAK = YES;
				CLANG_WARN_BLOCK_CAPTURE_AUTORELEASING = YES;
				CLANG_WARN_BOOL_CONVERSION = YES;
				CLANG_WARN_COMMA = YES;
				CLANG_WARN_CONSTANT_CONVERSION = YES;
				CLANG_WARN_DEPRECATED_OBJC_IMPLEMENTATIONS = YES;
				CLANG_WARN_DIRECT_OBJC_ISA_USAGE = YES_ERROR;
				CLANG_WARN_DOCUMENTATION_COMMENTS = YES;
				CLANG_WARN_EMPTY_BODY = YES;
				CLANG_WARN_ENUM_CONVERSION = YES;
				CLANG_WARN_INFINITE_RECURSION = YES;
				CLANG_WARN_INT_CONVERSION = YES;
				CLANG_WARN_NON_LITERAL_NULL_CONVERSION = YES;
				CLANG_WARN_OBJC_IMPLICIT_RETAIN_SELF = YES;
				CLANG_WARN_OBJC_LITERAL_CONVERSION = YES;
				CLANG_WARN_OBJC_ROOT_CLASS = YES_ERROR;
				CLANG_WARN_QUOTED_INCLUDE_IN_FRAMEWORK_HEADER = YES;
				CLANG_WARN_RANGE_LOOP_ANALYSIS = YES;
				CLANG_WARN_STRICT_PROTOTYPES = YES;
				CLANG_WARN_SUSPICIOUS_MOVE = YES;
				CLANG_WARN_UNGUARDED_AVAILABILITY = YES_AGGRESSIVE;
				CLANG_WARN_UNREACHABLE_CODE = YES;
				CLANG_WARN__DUPLICATE_METHOD_MATCH = YES;
				COPY_PHASE_STRIP = NO;
				DEBUG_INFORMATION_FORMAT = "dwarf-with-dsym";
				ENABLE_NS_ASSERTIONS = NO;
				ENABLE_STRICT_OBJC_MSGSEND = YES;
				ENABLE_USER_SCRIPT_SANDBOXING = YES;
				GCC_C_LANGUAGE_STANDARD = gnu11;
				GCC_NO_COMMON_BLOCKS = YES;
				GCC_WARN_64_TO_32_BIT_CONVERSION = YES;
				GCC_WARN_ABOUT_RETURN_TYPE = YES_ERROR;
				GCC_WARN_UNDECLARED_SELECTOR = YES;
				GCC_WARN_UNINITIALIZED_AUTOS = YES_AGGRESSIVE;
				GCC_WARN_UNUSED_FUNCTION = YES;
				GCC_WARN_UNUSED_VARIABLE = YES;
				IPHONEOS_DEPLOYMENT_TARGET = 16.4;
				MTL_ENABLE_DEBUG_INFO = NO;
				MTL_FAST_MATH = YES;
				SDKROOT = iphoneos;
				SWIFT_COMPILATION_MODE = wholemodule;
				SWIFT_OPTIMIZATION_LEVEL = "-O";
				VALIDATE_PRODUCT = YES;
			};
			name = Release;
		};
		D696046B2ACB0A290004E1AC /* Debug */ = {
			isa = XCBuildConfiguration;
			buildSettings = {
				ASSETCATALOG_COMPILER_APPICON_NAME = AppIcon;
				ASSETCATALOG_COMPILER_GLOBAL_ACCENT_COLOR_NAME = AccentColor;
				CODE_SIGN_STYLE = Automatic;
				CURRENT_PROJECT_VERSION = 1;
				DEVELOPMENT_ASSET_PATHS = "\"beerLeagueSoccer/Preview Content\"";
				DEVELOPMENT_TEAM = 38TKU655L8;
				ENABLE_PREVIEWS = YES;
				GENERATE_INFOPLIST_FILE = YES;
				INFOPLIST_KEY_CFBundleDisplayName = "Beer League";
				INFOPLIST_KEY_UIApplicationSceneManifest_Generation = YES;
				INFOPLIST_KEY_UIApplicationSupportsIndirectInputEvents = YES;
				INFOPLIST_KEY_UILaunchScreen_Generation = YES;
				INFOPLIST_KEY_UISupportedInterfaceOrientations = UIInterfaceOrientationPortrait;
				INFOPLIST_KEY_UISupportedInterfaceOrientations_iPad = "UIInterfaceOrientationLandscapeLeft UIInterfaceOrientationLandscapeRight UIInterfaceOrientationPortrait UIInterfaceOrientationPortraitUpsideDown";
				LD_RUNPATH_SEARCH_PATHS = (
					"$(inherited)",
					"@executable_path/Frameworks",
				);
				MARKETING_VERSION = 1.0;
				PRODUCT_BUNDLE_IDENTIFIER = com.keon.beerLeagueSoccer;
				PRODUCT_NAME = "$(TARGET_NAME)";
				SWIFT_EMIT_LOC_STRINGS = YES;
				SWIFT_VERSION = 5.0;
				TARGETED_DEVICE_FAMILY = "1,2";
			};
			name = Debug;
		};
		D696046C2ACB0A290004E1AC /* Release */ = {
			isa = XCBuildConfiguration;
			buildSettings = {
				ASSETCATALOG_COMPILER_APPICON_NAME = AppIcon;
				ASSETCATALOG_COMPILER_GLOBAL_ACCENT_COLOR_NAME = AccentColor;
				CODE_SIGN_STYLE = Automatic;
				CURRENT_PROJECT_VERSION = 1;
				DEVELOPMENT_ASSET_PATHS = "\"beerLeagueSoccer/Preview Content\"";
				DEVELOPMENT_TEAM = 38TKU655L8;
				ENABLE_PREVIEWS = YES;
				GENERATE_INFOPLIST_FILE = YES;
				INFOPLIST_KEY_CFBundleDisplayName = "Beer League";
				INFOPLIST_KEY_UIApplicationSceneManifest_Generation = YES;
				INFOPLIST_KEY_UIApplicationSupportsIndirectInputEvents = YES;
				INFOPLIST_KEY_UILaunchScreen_Generation = YES;
				INFOPLIST_KEY_UISupportedInterfaceOrientations = UIInterfaceOrientationPortrait;
				INFOPLIST_KEY_UISupportedInterfaceOrientations_iPad = "UIInterfaceOrientationLandscapeLeft UIInterfaceOrientationLandscapeRight UIInterfaceOrientationPortrait UIInterfaceOrientationPortraitUpsideDown";
				LD_RUNPATH_SEARCH_PATHS = (
					"$(inherited)",
					"@executable_path/Frameworks",
				);
				MARKETING_VERSION = 1.0;
				PRODUCT_BUNDLE_IDENTIFIER = com.keon.beerLeagueSoccer;
				PRODUCT_NAME = "$(TARGET_NAME)";
				SWIFT_EMIT_LOC_STRINGS = YES;
				SWIFT_VERSION = 5.0;
				TARGETED_DEVICE_FAMILY = "1,2";
			};
			name = Release;
		};
/* End XCBuildConfiguration section */

/* Begin XCConfigurationList section */
		D69604572ACB0A270004E1AC /* Build configuration list for PBXProject "beerLeagueSoccer" */ = {
			isa = XCConfigurationList;
			buildConfigurations = (
				D69604682ACB0A290004E1AC /* Debug */,
				D69604692ACB0A290004E1AC /* Release */,
			);
			defaultConfigurationIsVisible = 0;
			defaultConfigurationName = Release;
		};
		D696046A2ACB0A290004E1AC /* Build configuration list for PBXNativeTarget "beerLeagueSoccer" */ = {
			isa = XCConfigurationList;
			buildConfigurations = (
				D696046B2ACB0A290004E1AC /* Debug */,
				D696046C2ACB0A290004E1AC /* Release */,
			);
			defaultConfigurationIsVisible = 0;
			defaultConfigurationName = Release;
		};
/* End XCConfigurationList section */
	};
	rootObject = D69604542ACB0A270004E1AC /* Project object */;
}
